
Microsoft Visual Studio Solution File, Format Version 12.00
# Visual Studio 15
VisualStudioVersion = 15.0.28010.2026
MinimumVisualStudioVersion = 10.0.40219.1
Project("{FAE04EC0-301F-11D3-BF4B-00C04F79EFBC}") = "AspNetCoreGraphQLApi", "AspNetCoreGraphQLApi\AspNetCoreGraphQLApi.csproj", "{97902C16-493D-4936-9B71-DFB98BAE2B35}"
EndProject
Global
	GlobalSection(SolutionConfigurationPlatforms) = preSolution
		Debug|Any CPU = Debug|Any CPU
		Release|Any CPU = Release|Any CPU
	EndGlobalSection
	GlobalSection(ProjectConfigurationPlatforms) = postSolution
		{97902C16-493D-4936-9B71-DFB98BAE2B35}.Debug|Any CPU.ActiveCfg = Debug|Any CPU
		{97902C16-493D-4936-9B71-DFB98BAE2B35}.Debug|Any CPU.Build.0 = Debug|Any CPU
		{97902C16-493D-4936-9B71-DFB98BAE2B35}.Release|Any CPU.ActiveCfg = Release|Any CPU
		{97902C16-493D-4936-9B71-DFB98BAE2B35}.Release|Any CPU.Build.0 = Release|Any CPU
	EndGlobalSection
	GlobalSection(SolutionProperties) = preSolution
		HideSolutionNode = FALSE
	EndGlobalSection
	GlobalSection(ExtensibilityGlobals) = postSolution
		SolutionGuid = {15F3F37B-B4A0-42DF-B14A-691D990450B7}
	EndGlobalSection
EndGlobal
